
Microsoft Visual Studio Solution File, Format Version 12.00
# Visual Studio 15
VisualStudioVersion = 15.0.27428.2043
MinimumVisualStudioVersion = 10.0.40219.1
Project("{FAE04EC0-301F-11D3-BF4B-00C04F79EFBC}") = "Task2.1.Round", "Epam.Task2.1.Round\Task2.1.Round.csproj", "{F426740D-FC44-4B28-B035-BD31DD02A09A}"
EndProject
Project("{FAE04EC0-301F-11D3-BF4B-00C04F79EFBC}") = "Task2.5.Employee", "Epam.Task2.5.Employee\Task2.5.Employee.csproj", "{B46654AD-B870-4C56-8ACB-98ABD6FAD78B}"
EndProject
Project("{FAE04EC0-301F-11D3-BF4B-00C04F79EFBC}") = "Test2.2.Triangle", "Epam.Test2.2.Triangle\Test2.2.Triangle.csproj", "{862B80A5-8802-4C8C-91C1-B94FEA8FC3EC}"
EndProject
Project("{FAE04EC0-301F-11D3-BF4B-00C04F79EFBC}") = "Task.2.7.VectorGraphicsEditor", "Task.2.7.VectorGraphicsEditor\Task.2.7.VectorGraphicsEditor.csproj", "{B6062410-9D5F-4BD2-A6FB-BFD11032C538}"
EndProject
Project("{9A19103F-16F7-4668-BE54-9A1E7A4F7556}") = "Task2.3.User", "Task2.3.User\Task2.3.User.csproj", "{E1EC0658-B7D7-4AA7-B2FB-774F29ED5063}"
EndProject
Project("{9A19103F-16F7-4668-BE54-9A1E7A4F7556}") = "Task2.4.MyString", "Task2.4.MyString\Task2.4.MyString.csproj", "{96CC849C-9803-4583-BFD4-D2574FAB9CD2}"
EndProject
Project("{9A19103F-16F7-4668-BE54-9A1E7A4F7556}") = "Task2.6.Ring", "Task2.6.Ring\Task2.6.Ring.csproj", "{770C8770-47E3-43DA-8369-4FF435EFDF54}"
EndProject
Project("{FAE04EC0-301F-11D3-BF4B-00C04F79EFBC}") = "Task2.8.TheGame", "Task2.8.TheGame\Task2.8.TheGame.csproj", "{6A11E1CC-F66F-4755-A244-C4253DD8D509}"
EndProject
Global
	GlobalSection(SolutionConfigurationPlatforms) = preSolution
		Debug|Any CPU = Debug|Any CPU
		Release|Any CPU = Release|Any CPU
	EndGlobalSection
	GlobalSection(ProjectConfigurationPlatforms) = postSolution
		{F426740D-FC44-4B28-B035-BD31DD02A09A}.Debug|Any CPU.ActiveCfg = Debug|Any CPU
		{F426740D-FC44-4B28-B035-BD31DD02A09A}.Debug|Any CPU.Build.0 = Debug|Any CPU
		{F426740D-FC44-4B28-B035-BD31DD02A09A}.Release|Any CPU.ActiveCfg = Release|Any CPU
		{F426740D-FC44-4B28-B035-BD31DD02A09A}.Release|Any CPU.Build.0 = Release|Any CPU
		{B46654AD-B870-4C56-8ACB-98ABD6FAD78B}.Debug|Any CPU.ActiveCfg = Debug|Any CPU
		{B46654AD-B870-4C56-8ACB-98ABD6FAD78B}.Debug|Any CPU.Build.0 = Debug|Any CPU
		{B46654AD-B870-4C56-8ACB-98ABD6FAD78B}.Release|Any CPU.ActiveCfg = Release|Any CPU
		{B46654AD-B870-4C56-8ACB-98ABD6FAD78B}.Release|Any CPU.Build.0 = Release|Any CPU
		{862B80A5-8802-4C8C-91C1-B94FEA8FC3EC}.Debug|Any CPU.ActiveCfg = Debug|Any CPU
		{862B80A5-8802-4C8C-91C1-B94FEA8FC3EC}.Debug|Any CPU.Build.0 = Debug|Any CPU
		{862B80A5-8802-4C8C-91C1-B94FEA8FC3EC}.Release|Any CPU.ActiveCfg = Release|Any CPU
		{862B80A5-8802-4C8C-91C1-B94FEA8FC3EC}.Release|Any CPU.Build.0 = Release|Any CPU
		{B6062410-9D5F-4BD2-A6FB-BFD11032C538}.Debug|Any CPU.ActiveCfg = Debug|Any CPU
		{B6062410-9D5F-4BD2-A6FB-BFD11032C538}.Debug|Any CPU.Build.0 = Debug|Any CPU
		{B6062410-9D5F-4BD2-A6FB-BFD11032C538}.Release|Any CPU.ActiveCfg = Release|Any CPU
		{B6062410-9D5F-4BD2-A6FB-BFD11032C538}.Release|Any CPU.Build.0 = Release|Any CPU
		{E1EC0658-B7D7-4AA7-B2FB-774F29ED5063}.Debug|Any CPU.ActiveCfg = Debug|Any CPU
		{E1EC0658-B7D7-4AA7-B2FB-774F29ED5063}.Debug|Any CPU.Build.0 = Debug|Any CPU
		{E1EC0658-B7D7-4AA7-B2FB-774F29ED5063}.Release|Any CPU.ActiveCfg = Release|Any CPU
		{E1EC0658-B7D7-4AA7-B2FB-774F29ED5063}.Release|Any CPU.Build.0 = Release|Any CPU
		{96CC849C-9803-4583-BFD4-D2574FAB9CD2}.Debug|Any CPU.ActiveCfg = Debug|Any CPU
		{96CC849C-9803-4583-BFD4-D2574FAB9CD2}.Debug|Any CPU.Build.0 = Debug|Any CPU
		{96CC849C-9803-4583-BFD4-D2574FAB9CD2}.Release|Any CPU.ActiveCfg = Release|Any CPU
		{96CC849C-9803-4583-BFD4-D2574FAB9CD2}.Release|Any CPU.Build.0 = Release|Any CPU
		{770C8770-47E3-43DA-8369-4FF435EFDF54}.Debug|Any CPU.ActiveCfg = Debug|Any CPU
		{770C8770-47E3-43DA-8369-4FF435EFDF54}.Debug|Any CPU.Build.0 = Debug|Any CPU
		{770C8770-47E3-43DA-8369-4FF435EFDF54}.Release|Any CPU.ActiveCfg = Release|Any CPU
		{770C8770-47E3-43DA-8369-4FF435EFDF54}.Release|Any CPU.Build.0 = Release|Any CPU
		{6A11E1CC-F66F-4755-A244-C4253DD8D509}.Debug|Any CPU.ActiveCfg = Debug|Any CPU
		{6A11E1CC-F66F-4755-A244-C4253DD8D509}.Debug|Any CPU.Build.0 = Debug|Any CPU
		{6A11E1CC-F66F-4755-A244-C4253DD8D509}.Release|Any CPU.ActiveCfg = Release|Any CPU
		{6A11E1CC-F66F-4755-A244-C4253DD8D509}.Release|Any CPU.Build.0 = Release|Any CPU
	EndGlobalSection
	GlobalSection(SolutionProperties) = preSolution
		HideSolutionNode = FALSE
	EndGlobalSection
	GlobalSection(ExtensibilityGlobals) = postSolution
		SolutionGuid = {D3778425-4EF8-4B63-9AA5-846637050B5D}
	EndGlobalSection
EndGlobal
